
Microsoft Visual Studio Solution File, Format Version 12.00
# Visual Studio Version 17
VisualStudioVersion = 17.4.33205.214
MinimumVisualStudioVersion = 10.0.40219.1
Project("{2150E333-8FDC-42A3-9474-1A3956D46DE8}") = "Core", "Core", "{C39E89F9-35C6-4A87-9332-EE78F29C7D23}"
EndProject
Project("{9A19103F-16F7-4668-BE54-9A1E7A4F7556}") = "ETradeAPI.Domain", "Core\ETradeAPI.Domain\ETradeAPI.Domain.csproj", "{7646E7C4-F163-45F7-B63C-2925B66F9FA5}"
EndProject
Project("{9A19103F-16F7-4668-BE54-9A1E7A4F7556}") = "ETradeAPI.Application", "Core\ETradeAPI.Application\ETradeAPI.Application.csproj", "{874EDC96-A9FD-4243-8133-BC8DE420F10A}"
EndProject
Project("{2150E333-8FDC-42A3-9474-1A3956D46DE8}") = "Infrastructure", "Infrastructure", "{393AC8AD-8640-4E71-83B0-CBEEC49E12BD}"
EndProject
Project("{9A19103F-16F7-4668-BE54-9A1E7A4F7556}") = "ETradeAPI.Infrastructure", "Infrastructure\ETradeAPI.Infrastructure\ETradeAPI.Infrastructure.csproj", "{F9B4572F-F77F-43F5-8C86-465F29EE11CD}"
EndProject
Project("{9A19103F-16F7-4668-BE54-9A1E7A4F7556}") = "ETradeAPI.Persistence", "Infrastructure\ETradeAPI.Persistence\ETradeAPI.Persistence.csproj", "{317EA065-6C3A-471E-BE16-B8B27117F8A3}"
EndProject
Project("{2150E333-8FDC-42A3-9474-1A3956D46DE8}") = "Presentation", "Presentation", "{52D0769F-4FA7-471E-BE09-8014B84838B9}"
EndProject
Project("{9A19103F-16F7-4668-BE54-9A1E7A4F7556}") = "ETradeAPI.API", "Presentation\ETradeAPI.API\ETradeAPI.API.csproj", "{E939CAEF-02A2-4625-90C5-381051CEDBAC}"
EndProject
Project("{FAE04EC0-301F-11D3-BF4B-00C04F79EFBC}") = "ETradeAPI.SignalR", "Infrastructure\ETradeAPI.SignalR\ETradeAPI.SignalR.csproj", "{4529611C-9EA1-42F1-844B-1D3B286DD3D3}"
EndProject
Global
	GlobalSection(SolutionConfigurationPlatforms) = preSolution
		Debug|Any CPU = Debug|Any CPU
		Release|Any CPU = Release|Any CPU
	EndGlobalSection
	GlobalSection(ProjectConfigurationPlatforms) = postSolution
		{7646E7C4-F163-45F7-B63C-2925B66F9FA5}.Debug|Any CPU.ActiveCfg = Debug|Any CPU
		{7646E7C4-F163-45F7-B63C-2925B66F9FA5}.Debug|Any CPU.Build.0 = Debug|Any CPU
		{7646E7C4-F163-45F7-B63C-2925B66F9FA5}.Release|Any CPU.ActiveCfg = Release|Any CPU
		{7646E7C4-F163-45F7-B63C-2925B66F9FA5}.Release|Any CPU.Build.0 = Release|Any CPU
		{874EDC96-A9FD-4243-8133-BC8DE420F10A}.Debug|Any CPU.ActiveCfg = Debug|Any CPU
		{874EDC96-A9FD-4243-8133-BC8DE420F10A}.Debug|Any CPU.Build.0 = Debug|Any CPU
		{874EDC96-A9FD-4243-8133-BC8DE420F10A}.Release|Any CPU.ActiveCfg = Release|Any CPU
		{874EDC96-A9FD-4243-8133-BC8DE420F10A}.Release|Any CPU.Build.0 = Release|Any CPU
		{F9B4572F-F77F-43F5-8C86-465F29EE11CD}.Debug|Any CPU.ActiveCfg = Debug|Any CPU
		{F9B4572F-F77F-43F5-8C86-465F29EE11CD}.Debug|Any CPU.Build.0 = Debug|Any CPU
		{F9B4572F-F77F-43F5-8C86-465F29EE11CD}.Release|Any CPU.ActiveCfg = Release|Any CPU
		{F9B4572F-F77F-43F5-8C86-465F29EE11CD}.Release|Any CPU.Build.0 = Release|Any CPU
		{317EA065-6C3A-471E-BE16-B8B27117F8A3}.Debug|Any CPU.ActiveCfg = Debug|Any CPU
		{317EA065-6C3A-471E-BE16-B8B27117F8A3}.Debug|Any CPU.Build.0 = Debug|Any CPU
		{317EA065-6C3A-471E-BE16-B8B27117F8A3}.Release|Any CPU.ActiveCfg = Release|Any CPU
		{317EA065-6C3A-471E-BE16-B8B27117F8A3}.Release|Any CPU.Build.0 = Release|Any CPU
		{E939CAEF-02A2-4625-90C5-381051CEDBAC}.Debug|Any CPU.ActiveCfg = Debug|Any CPU
		{E939CAEF-02A2-4625-90C5-381051CEDBAC}.Debug|Any CPU.Build.0 = Debug|Any CPU
		{E939CAEF-02A2-4625-90C5-381051CEDBAC}.Release|Any CPU.ActiveCfg = Release|Any CPU
		{E939CAEF-02A2-4625-90C5-381051CEDBAC}.Release|Any CPU.Build.0 = Release|Any CPU
		{4529611C-9EA1-42F1-844B-1D3B286DD3D3}.Debug|Any CPU.ActiveCfg = Debug|Any CPU
		{4529611C-9EA1-42F1-844B-1D3B286DD3D3}.Debug|Any CPU.Build.0 = Debug|Any CPU
		{4529611C-9EA1-42F1-844B-1D3B286DD3D3}.Release|Any CPU.ActiveCfg = Release|Any CPU
		{4529611C-9EA1-42F1-844B-1D3B286DD3D3}.Release|Any CPU.Build.0 = Release|Any CPU
	EndGlobalSection
	GlobalSection(SolutionProperties) = preSolution
		HideSolutionNode = FALSE
	EndGlobalSection
	GlobalSection(NestedProjects) = preSolution
		{7646E7C4-F163-45F7-B63C-2925B66F9FA5} = {C39E89F9-35C6-4A87-9332-EE78F29C7D23}
		{874EDC96-A9FD-4243-8133-BC8DE420F10A} = {C39E89F9-35C6-4A87-9332-EE78F29C7D23}
		{F9B4572F-F77F-43F5-8C86-465F29EE11CD} = {393AC8AD-8640-4E71-83B0-CBEEC49E12BD}
		{317EA065-6C3A-471E-BE16-B8B27117F8A3} = {393AC8AD-8640-4E71-83B0-CBEEC49E12BD}
		{E939CAEF-02A2-4625-90C5-381051CEDBAC} = {52D0769F-4FA7-471E-BE09-8014B84838B9}
		{4529611C-9EA1-42F1-844B-1D3B286DD3D3} = {393AC8AD-8640-4E71-83B0-CBEEC49E12BD}
	EndGlobalSection
	GlobalSection(ExtensibilityGlobals) = postSolution
		SolutionGuid = {ADB15DE3-B320-412F-B46C-108693E1F940}
	EndGlobalSection
EndGlobal
